
Microsoft Visual Studio Solution File, Format Version 12.00
# Visual Studio Version 16
VisualStudioVersion = 16.0.29123.88
MinimumVisualStudioVersion = 10.0.40219.1
Project("{FAE04EC0-301F-11D3-BF4B-00C04F79EFBC}") = "ValidateParameterProblemS3900", "ValidateParameterProblemS3900.csproj", "{D2306512-1172-4380-81B6-A4CF2CB0FEA7}"
EndProject
Global
	GlobalSection(SolutionConfigurationPlatforms) = preSolution
		Debug|Any CPU = Debug|Any CPU
		Release|Any CPU = Release|Any CPU
	EndGlobalSection
	GlobalSection(ProjectConfigurationPlatforms) = postSolution
		{D2306512-1172-4380-81B6-A4CF2CB0FEA7}.Debug|Any CPU.ActiveCfg = Debug|Any CPU
		{D2306512-1172-4380-81B6-A4CF2CB0FEA7}.Debug|Any CPU.Build.0 = Debug|Any CPU
		{D2306512-1172-4380-81B6-A4CF2CB0FEA7}.Release|Any CPU.ActiveCfg = Release|Any CPU
		{D2306512-1172-4380-81B6-A4CF2CB0FEA7}.Release|Any CPU.Build.0 = Release|Any CPU
	EndGlobalSection
	GlobalSection(SolutionProperties) = preSolution
		HideSolutionNode = FALSE
	EndGlobalSection
	GlobalSection(ExtensibilityGlobals) = postSolution
		SolutionGuid = {FE85152F-0BBF-4839-A0BE-15C01BE44B7A}
	EndGlobalSection
EndGlobal
